
Microsoft Visual Studio Solution File, Format Version 12.00
# Visual Studio Version 16
VisualStudioVersion = 16.0.30907.101
MinimumVisualStudioVersion = 10.0.40219.1
Project("{FAE04EC0-301F-11D3-BF4B-00C04F79EFBC}") = "Assignment01feb2021", "Assignment01feb2021\Assignment01feb2021.csproj", "{4FF1BAE6-0CB4-45BC-ACF7-9037D585EBC5}"
EndProject
Global
	GlobalSection(SolutionConfigurationPlatforms) = preSolution
		Debug|Any CPU = Debug|Any CPU
		Release|Any CPU = Release|Any CPU
	EndGlobalSection
	GlobalSection(ProjectConfigurationPlatforms) = postSolution
		{4FF1BAE6-0CB4-45BC-ACF7-9037D585EBC5}.Debug|Any CPU.ActiveCfg = Debug|Any CPU
		{4FF1BAE6-0CB4-45BC-ACF7-9037D585EBC5}.Debug|Any CPU.Build.0 = Debug|Any CPU
		{4FF1BAE6-0CB4-45BC-ACF7-9037D585EBC5}.Release|Any CPU.ActiveCfg = Release|Any CPU
		{4FF1BAE6-0CB4-45BC-ACF7-9037D585EBC5}.Release|Any CPU.Build.0 = Release|Any CPU
	EndGlobalSection
	GlobalSection(SolutionProperties) = preSolution
		HideSolutionNode = FALSE
	EndGlobalSection
	GlobalSection(ExtensibilityGlobals) = postSolution
		SolutionGuid = {EBFF5DC6-4D80-4797-B894-39309C51FA1D}
	EndGlobalSection
EndGlobal
